
Microsoft Visual Studio Solution File, Format Version 12.00
# Visual Studio Version 16
VisualStudioVersion = 16.0.29215.179
MinimumVisualStudioVersion = 10.0.40219.1
Project("{FAE04EC0-301F-11D3-BF4B-00C04F79EFBC}") = "EmployeeAppUi", "EmployeeAppUi\EmployeeAppUi.csproj", "{03EE2062-FA7B-47B6-BB49-B9C1B60EBF95}"
EndProject
Project("{FAE04EC0-301F-11D3-BF4B-00C04F79EFBC}") = "EmployeeAppLib", "EmployeeAppLib\EmployeeAppLib.csproj", "{359EE697-670D-4847-ABFB-317652643927}"
EndProject
Global
	GlobalSection(SolutionConfigurationPlatforms) = preSolution
		Debug|Any CPU = Debug|Any CPU
		Release|Any CPU = Release|Any CPU
	EndGlobalSection
	GlobalSection(ProjectConfigurationPlatforms) = postSolution
		{03EE2062-FA7B-47B6-BB49-B9C1B60EBF95}.Debug|Any CPU.ActiveCfg = Debug|Any CPU
		{03EE2062-FA7B-47B6-BB49-B9C1B60EBF95}.Debug|Any CPU.Build.0 = Debug|Any CPU
		{03EE2062-FA7B-47B6-BB49-B9C1B60EBF95}.Release|Any CPU.ActiveCfg = Release|Any CPU
		{03EE2062-FA7B-47B6-BB49-B9C1B60EBF95}.Release|Any CPU.Build.0 = Release|Any CPU
		{359EE697-670D-4847-ABFB-317652643927}.Debug|Any CPU.ActiveCfg = Debug|Any CPU
		{359EE697-670D-4847-ABFB-317652643927}.Debug|Any CPU.Build.0 = Debug|Any CPU
		{359EE697-670D-4847-ABFB-317652643927}.Release|Any CPU.ActiveCfg = Release|Any CPU
		{359EE697-670D-4847-ABFB-317652643927}.Release|Any CPU.Build.0 = Release|Any CPU
	EndGlobalSection
	GlobalSection(SolutionProperties) = preSolution
		HideSolutionNode = FALSE
	EndGlobalSection
	GlobalSection(ExtensibilityGlobals) = postSolution
		SolutionGuid = {73943582-A83A-420F-A49C-31BEB3D93711}
	EndGlobalSection
EndGlobal
